<Solution>
  <Folder Name="/Solution Items/">
    <File Path=".editorconfig" />
  </Folder>
  <Project Path="DelayTest/DelayTest.csproj" />
  <Project Path="Playground/Playground.csproj" />
  <Project Path="QuickStart/QuickStart.csproj" />
  <Project Path="SimplePrompt/SimplePrompt.csproj" />
  <Project Path="Test/Test.csproj" />
  <Project Path="xUnitTest/xUnitTest.csproj" />
</Solution>
